<?xml version="1.0" encoding="utf-8"?>
<Project ToolsVersion="4.0" xmlns="http://schemas.microsoft.com/developer/msbuild/2003">
  <ItemGroup>
    <Filter Include="dependencies">
      <UniqueIdentifier>{8CAD9F58-7810-2FFD-2196-67B30DD8FA7F}</UniqueIdentifier>
    </Filter>
    <Filter Include="dependencies\src">
      <UniqueIdentifier>{A351AFD4-8F4A-CE26-B87C-B3ABA4D4AD32}</UniqueIdentifier>
    </Filter>
    <Filter Include="dependencies\src\glad">
      <UniqueIdentifier>{8AA2AF8B-F60E-6B86-BF02-03E42B2E8DEE}</UniqueIdentifier>
    </Filter>
    <Filter Include="dependencies\src\imgui">
      <UniqueIdentifier>{4DCDC801-39C7-F153-2234-88640ECD57C0}</UniqueIdentifier>
    </Filter>
    <Filter Include="dependencies\src\tinyfiledialogs">
      <UniqueIdentifier>{79F7C4BC-6548-B0FE-8EAC-9EC07A5C4368}</UniqueIdentifier>
    </Filter>
    <Filter Include="dependencies\src\verilator">
      <UniqueIdentifier>{0AED4BE4-F6FC-F7B4-5FB6-5CD34BE5E64D}</UniqueIdentifier>
    </Filter>
    <Filter Include="include">
      <UniqueIdentifier>{89AF369E-F58E-B539-FEA6-40106A051C9B}</UniqueIdentifier>
    </Filter>
    <Filter Include="obj_dir">
      <UniqueIdentifier>{7E778D50-EA56-0CEC-F36E-97C25FCD724D}</UniqueIdentifier>
    </Filter>
    <Filter Include="src">
      <UniqueIdentifier>{2DAB880B-99B4-887C-2230-9F7C8E38947C}</UniqueIdentifier>
    </Filter>
  </ItemGroup>
  <ItemGroup>
    <ClInclude Include="include\Application.h">
      <Filter>include</Filter>
    </ClInclude>
    <ClInclude Include="include\InputManager.h">
      <Filter>include</Filter>
    </ClInclude>
    <ClInclude Include="include\Shader.h">
      <Filter>include</Filter>
    </ClInclude>
    <ClInclude Include="include\Simulator.h">
      <Filter>include</Filter>
    </ClInclude>
    <ClInclude Include="include\Window.h">
      <Filter>include</Filter>
    </ClInclude>
  </ItemGroup>
  <ItemGroup>
    <ClCompile Include="dependencies\src\glad\glad.c">
      <Filter>dependencies\src\glad</Filter>
    </ClCompile>
    <ClCompile Include="dependencies\src\imgui\imgui.cpp">
      <Filter>dependencies\src\imgui</Filter>
    </ClCompile>
    <ClCompile Include="dependencies\src\imgui\imgui_demo.cpp">
      <Filter>dependencies\src\imgui</Filter>
    </ClCompile>
    <ClCompile Include="dependencies\src\imgui\imgui_draw.cpp">
      <Filter>dependencies\src\imgui</Filter>
    </ClCompile>
    <ClCompile Include="dependencies\src\imgui\imgui_impl_glfw.cpp">
      <Filter>dependencies\src\imgui</Filter>
    </ClCompile>
    <ClCompile Include="dependencies\src\imgui\imgui_impl_opengl3.cpp">
      <Filter>dependencies\src\imgui</Filter>
    </ClCompile>
    <ClCompile Include="dependencies\src\imgui\imgui_stdlib.cpp">
      <Filter>dependencies\src\imgui</Filter>
    </ClCompile>
    <ClCompile Include="dependencies\src\imgui\imgui_tables.cpp">
      <Filter>dependencies\src\imgui</Filter>
    </ClCompile>
    <ClCompile Include="dependencies\src\imgui\imgui_widgets.cpp">
      <Filter>dependencies\src\imgui</Filter>
    </ClCompile>
    <ClCompile Include="dependencies\src\stb_impl.cpp">
      <Filter>dependencies\src</Filter>
    </ClCompile>
    <ClCompile Include="dependencies\src\tinyfiledialogs\tinyfiledialogs.c">
      <Filter>dependencies\src\tinyfiledialogs</Filter>
    </ClCompile>
    <ClCompile Include="dependencies\src\verilator\verilated.cpp">
      <Filter>dependencies\src\verilator</Filter>
    </ClCompile>
    <ClCompile Include="dependencies\src\verilator\verilated_save.cpp">
      <Filter>dependencies\src\verilator</Filter>
    </ClCompile>
    <ClCompile Include="dependencies\src\verilator\verilated_threads.cpp">
      <Filter>dependencies\src\verilator</Filter>
    </ClCompile>
    <ClCompile Include="obj_dir\Vvga_controller.cpp">
      <Filter>obj_dir</Filter>
    </ClCompile>
    <ClCompile Include="obj_dir\Vvga_controller__Dpi.cpp">
      <Filter>obj_dir</Filter>
    </ClCompile>
    <ClCompile Include="obj_dir\Vvga_controller__Syms__Slow.cpp">
      <Filter>obj_dir</Filter>
    </ClCompile>
    <ClCompile Include="obj_dir\Vvga_controller___024root__0.cpp">
      <Filter>obj_dir</Filter>
    </ClCompile>
    <ClCompile Include="obj_dir\Vvga_controller___024root__0__Slow.cpp">
      <Filter>obj_dir</Filter>
    </ClCompile>
    <ClCompile Include="obj_dir\Vvga_controller___024root__Slow.cpp">
      <Filter>obj_dir</Filter>
    </ClCompile>
    <ClCompile Include="obj_dir\Vvga_controller_graphics_engine__0.cpp">
      <Filter>obj_dir</Filter>
    </ClCompile>
    <ClCompile Include="obj_dir\Vvga_controller_graphics_engine__0__Slow.cpp">
      <Filter>obj_dir</Filter>
    </ClCompile>
    <ClCompile Include="obj_dir\Vvga_controller_graphics_engine__Slow.cpp">
      <Filter>obj_dir</Filter>
    </ClCompile>
    <ClCompile Include="obj_dir\Vvga_controller_vga_controller__0.cpp">
      <Filter>obj_dir</Filter>
    </ClCompile>
    <ClCompile Include="obj_dir\Vvga_controller_vga_controller__0__Slow.cpp">
      <Filter>obj_dir</Filter>
    </ClCompile>
    <ClCompile Include="obj_dir\Vvga_controller_vga_controller__Slow.cpp">
      <Filter>obj_dir</Filter>
    </ClCompile>
    <ClCompile Include="src\Application.cpp">
      <Filter>src</Filter>
    </ClCompile>
    <ClCompile Include="src\Simulator.cpp">
      <Filter>src</Filter>
    </ClCompile>
    <ClCompile Include="src\Window.cpp">
      <Filter>src</Filter>
    </ClCompile>
    <ClCompile Include="src\main.cpp">
      <Filter>src</Filter>
    </ClCompile>
  </ItemGroup>
</Project>